// !$*UTF8*$!
{
	archiveVersion = 1;
	classes = {
	};
	objectVersion = 46;
	objects = {

/* Begin PBXBuildFile section */
		36DA68861DD2CA3800B67DFC /* main.m in Sources */ = {isa = PBXBuildFile; fileRef = 36DA68851DD2CA3800B67DFC /* main.m */; };
		36DA68891DD2CA3800B67DFC /* AppDelegate.m in Sources */ = {isa = PBXBuildFile; fileRef = 36DA68881DD2CA3800B67DFC /* AppDelegate.m */; };
		36DA688C1DD2CA3800B67DFC /* ViewController.m in Sources */ = {isa = PBXBuildFile; fileRef = 36DA688B1DD2CA3800B67DFC /* ViewController.m */; };
		36DA688F1DD2CA3800B67DFC /* Main.storyboard in Resources */ = {isa = PBXBuildFile; fileRef = 36DA688D1DD2CA3800B67DFC /* Main.storyboard */; };
		36DA68921DD2CA3800B67DFC /* OBJC24Days.xcdatamodeld in Sources */ = {isa = PBXBuildFile; fileRef = 36DA68901DD2CA3800B67DFC /* OBJC24Days.xcdatamodeld */; };
		36DA68941DD2CA3800B67DFC /* Assets.xcassets in Resources */ = {isa = PBXBuildFile; fileRef = 36DA68931DD2CA3800B67DFC /* Assets.xcassets */; };
		36DA68971DD2CA3800B67DFC /* LaunchScreen.storyboard in Resources */ = {isa = PBXBuildFile; fileRef = 36DA68951DD2CA3800B67DFC /* LaunchScreen.storyboard */; };
		36DA68A21DD2CA3800B67DFC /* OBJC24DaysTests.m in Sources */ = {isa = PBXBuildFile; fileRef = 36DA68A11DD2CA3800B67DFC /* OBJC24DaysTests.m */; };
		36DA68AD1DD2CA3800B67DFC /* OBJC24DaysUITests.m in Sources */ = {isa = PBXBuildFile; fileRef = 36DA68AC1DD2CA3800B67DFC /* OBJC24DaysUITests.m */; };
/* End PBXBuildFile section */

/* Begin PBXContainerItemProxy section */
		36DA689E1DD2CA3800B67DFC /* PBXContainerItemProxy */ = {
			isa = PBXContainerItemProxy;
			containerPortal = 36DA68791DD2CA3800B67DFC /* Project object */;
			proxyType = 1;
			remoteGlobalIDString = 36DA68801DD2CA3800B67DFC;
			remoteInfo = OBJC24Days;
		};
		36DA68A91DD2CA3800B67DFC /* PBXContainerItemProxy */ = {
			isa = PBXContainerItemProxy;
			containerPortal = 36DA68791DD2CA3800B67DFC /* Project object */;
			proxyType = 1;
			remoteGlobalIDString = 36DA68801DD2CA3800B67DFC;
			remoteInfo = OBJC24Days;
		};
/* End PBXContainerItemProxy section */

/* Begin PBXFileReference section */
		36DA68811DD2CA3800B67DFC /* OBJC24Days.app */ = {isa = PBXFileReference; explicitFileType = wrapper.application; includeInIndex = 0; path = OBJC24Days.app; sourceTree = BUILT_PRODUCTS_DIR; };
		36DA68851DD2CA3800B67DFC /* main.m */ = {isa = PBXFileReference; lastKnownFileType = sourcecode.c.objc; path = main.m; sourceTree = "<group>"; };
		36DA68871DD2CA3800B67DFC /* AppDelegate.h */ = {isa = PBXFileReference; lastKnownFileType = sourcecode.c.h; path = AppDelegate.h; sourceTree = "<group>"; };
		36DA68881DD2CA3800B67DFC /* AppDelegate.m */ = {isa = PBXFileReference; lastKnownFileType = sourcecode.c.objc; path = AppDelegate.m; sourceTree = "<group>"; };
		36DA688A1DD2CA3800B67DFC /* ViewController.h */ = {isa = PBXFileReference; lastKnownFileType = sourcecode.c.h; path = ViewController.h; sourceTree = "<group>"; };
		36DA688B1DD2CA3800B67DFC /* ViewController.m */ = {isa = PBXFileReference; lastKnownFileType = sourcecode.c.objc; path = ViewController.m; sourceTree = "<group>"; };
		36DA688E1DD2CA3800B67DFC /* Base */ = {isa = PBXFileReference; lastKnownFileType = file.storyboard; name = Base; path = Base.lproj/Main.storyboard; sourceTree = "<group>"; };
		36DA68911DD2CA3800B67DFC /* OBJC24Days.xcdatamodel */ = {isa = PBXFileReference; lastKnownFileType = wrapper.xcdatamodel; path = OBJC24Days.xcdatamodel; sourceTree = "<group>"; };
		36DA68931DD2CA3800B67DFC /* Assets.xcassets */ = {isa = PBXFileReference; lastKnownFileType = folder.assetcatalog; path = Assets.xcassets; sourceTree = "<group>"; };
		36DA68961DD2CA3800B67DFC /* Base */ = {isa = PBXFileReference; lastKnownFileType = file.storyboard; name = Base; path = Base.lproj/LaunchScreen.storyboard; sourceTree = "<group>"; };
		36DA68981DD2CA3800B67DFC /* Info.plist */ = {isa = PBXFileReference; lastKnownFileType = text.plist.xml; path = Info.plist; sourceTree = "<group>"; };
		36DA689D1DD2CA3800B67DFC /* OBJC24DaysTests.xctest */ = {isa = PBXFileReference; explicitFileType = wrapper.cfbundle; includeInIndex = 0; path = OBJC24DaysTests.xctest; sourceTree = BUILT_PRODUCTS_DIR; };
		36DA68A11DD2CA3800B67DFC /* OBJC24DaysTests.m */ = {isa = PBXFileReference; lastKnownFileType = sourcecode.c.objc; path = OBJC24DaysTests.m; sourceTree = "<group>"; };
		36DA68A31DD2CA3800B67DFC /* Info.plist */ = {isa = PBXFileReference; lastKnownFileType = text.plist.xml; path = Info.plist; sourceTree = "<group>"; };
		36DA68A81DD2CA3800B67DFC /* OBJC24DaysUITests.xctest */ = {isa = PBXFileReference; explicitFileType = wrapper.cfbundle; includeInIndex = 0; path = OBJC24DaysUITests.xctest; sourceTree = BUILT_PRODUCTS_DIR; };
		36DA68AC1DD2CA3800B67DFC /* OBJC24DaysUITests.m */ = {isa = PBXFileReference; lastKnownFileType = sourcecode.c.objc; path = OBJC24DaysUITests.m; sourceTree = "<group>"; };
		36DA68AE1DD2CA3800B67DFC /* Info.plist */ = {isa = PBXFileReference; lastKnownFileType = text.plist.xml; path = Info.plist; sourceTree = "<group>"; };
/* End PBXFileReference section */

/* Begin PBXFrameworksBuildPhase section */
		36DA687E1DD2CA3800B67DFC /* Frameworks */ = {
			isa = PBXFrameworksBuildPhase;
			buildActionMask = 2147483647;
			files = (
			);
			runOnlyForDeploymentPostprocessing = 0;
		};
		36DA689A1DD2CA3800B67DFC /* Frameworks */ = {
			isa = PBXFrameworksBuildPhase;
			buildActionMask = 2147483647;
			files = (
			);
			runOnlyForDeploymentPostprocessing = 0;
		};
		36DA68A51DD2CA3800B67DFC /* Frameworks */ = {
			isa = PBXFrameworksBuildPhase;
			buildActionMask = 2147483647;
			files = (
			);
			runOnlyForDeploymentPostprocessing = 0;
		};
/* End PBXFrameworksBuildPhase section */

/* Begin PBXGroup section */
		36DA68781DD2CA3800B67DFC = {
			isa = PBXGroup;
			children = (
				36DA68831DD2CA3800B67DFC /* OBJC24Days */,
				36DA68A01DD2CA3800B67DFC /* OBJC24DaysTests */,
				36DA68AB1DD2CA3800B67DFC /* OBJC24DaysUITests */,
				36DA68821DD2CA3800B67DFC /* Products */,
			);
			sourceTree = "<group>";
		};
		36DA68821DD2CA3800B67DFC /* Products */ = {
			isa = PBXGroup;
			children = (
				36DA68811DD2CA3800B67DFC /* OBJC24Days.app */,
				36DA689D1DD2CA3800B67DFC /* OBJC24DaysTests.xctest */,
				36DA68A81DD2CA3800B67DFC /* OBJC24DaysUITests.xctest */,
			);
			name = Products;
			sourceTree = "<group>";
		};
		36DA68831DD2CA3800B67DFC /* OBJC24Days */ = {
			isa = PBXGroup;
			children = (
				36DA68871DD2CA3800B67DFC /* AppDelegate.h */,
				36DA68881DD2CA3800B67DFC /* AppDelegate.m */,
				36DA688A1DD2CA3800B67DFC /* ViewController.h */,
				36DA688B1DD2CA3800B67DFC /* ViewController.m */,
				36DA688D1DD2CA3800B67DFC /* Main.storyboard */,
				36DA68931DD2CA3800B67DFC /* Assets.xcassets */,
				36DA68951DD2CA3800B67DFC /* LaunchScreen.storyboard */,
				36DA68981DD2CA3800B67DFC /* Info.plist */,
				36DA68901DD2CA3800B67DFC /* OBJC24Days.xcdatamodeld */,
				36DA68841DD2CA3800B67DFC /* Supporting Files */,
			);
			path = OBJC24Days;
			sourceTree = "<group>";
		};
		36DA68841DD2CA3800B67DFC /* Supporting Files */ = {
			isa = PBXGroup;
			children = (
				36DA68851DD2CA3800B67DFC /* main.m */,
			);
			name = "Supporting Files";
			sourceTree = "<group>";
		};
		36DA68A01DD2CA3800B67DFC /* OBJC24DaysTests */ = {
			isa = PBXGroup;
			children = (
				36DA68A11DD2CA3800B67DFC /* OBJC24DaysTests.m */,
				36DA68A31DD2CA3800B67DFC /* Info.plist */,
			);
			path = OBJC24DaysTests;
			sourceTree = "<group>";
		};
		36DA68AB1DD2CA3800B67DFC /* OBJC24DaysUITests */ = {
			isa = PBXGroup;
			children = (
				36DA68AC1DD2CA3800B67DFC /* OBJC24DaysUITests.m */,
				36DA68AE1DD2CA3800B67DFC /* Info.plist */,
			);
			path = OBJC24DaysUITests;
			sourceTree = "<group>";
		};
/* End PBXGroup section */

/* Begin PBXNativeTarget section */
		36DA68801DD2CA3800B67DFC /* OBJC24Days */ = {
			isa = PBXNativeTarget;
			buildConfigurationList = 36DA68B11DD2CA3800B67DFC /* Build configuration list for PBXNativeTarget "OBJC24Days" */;
			buildPhases = (
				36DA687D1DD2CA3800B67DFC /* Sources */,
				36DA687E1DD2CA3800B67DFC /* Frameworks */,
				36DA687F1DD2CA3800B67DFC /* Resources */,
			);
			buildRules = (
			);
			dependencies = (
			);
			name = OBJC24Days;
			productName = OBJC24Days;
			productReference = 36DA68811DD2CA3800B67DFC /* OBJC24Days.app */;
			productType = "com.apple.product-type.application";
		};
		36DA689C1DD2CA3800B67DFC /* OBJC24DaysTests */ = {
			isa = PBXNativeTarget;
			buildConfigurationList = 36DA68B41DD2CA3800B67DFC /* Build configuration list for PBXNativeTarget "OBJC24DaysTests" */;
			buildPhases = (
				36DA68991DD2CA3800B67DFC /* Sources */,
				36DA689A1DD2CA3800B67DFC /* Frameworks */,
				36DA689B1DD2CA3800B67DFC /* Resources */,
			);
			buildRules = (
			);
			dependencies = (
				36DA689F1DD2CA3800B67DFC /* PBXTargetDependency */,
			);
			name = OBJC24DaysTests;
			productName = OBJC24DaysTests;
			productReference = 36DA689D1DD2CA3800B67DFC /* OBJC24DaysTests.xctest */;
			productType = "com.apple.product-type.bundle.unit-test";
		};
		36DA68A71DD2CA3800B67DFC /* OBJC24DaysUITests */ = {
			isa = PBXNativeTarget;
			buildConfigurationList = 36DA68B71DD2CA3800B67DFC /* Build configuration list for PBXNativeTarget "OBJC24DaysUITests" */;
			buildPhases = (
				36DA68A41DD2CA3800B67DFC /* Sources */,
				36DA68A51DD2CA3800B67DFC /* Frameworks */,
				36DA68A61DD2CA3800B67DFC /* Resources */,
			);
			buildRules = (
			);
			dependencies = (
				36DA68AA1DD2CA3800B67DFC /* PBXTargetDependency */,
			);
			name = OBJC24DaysUITests;
			productName = OBJC24DaysUITests;
			productReference = 36DA68A81DD2CA3800B67DFC /* OBJC24DaysUITests.xctest */;
			productType = "com.apple.product-type.bundle.ui-testing";
		};
/* End PBXNativeTarget section */

/* Begin PBXProject section */
		36DA68791DD2CA3800B67DFC /* Project object */ = {
			isa = PBXProject;
			attributes = {
				LastUpgradeCheck = 0730;
				ORGANIZATIONNAME = Hank;
				TargetAttributes = {
					36DA68801DD2CA3800B67DFC = {
						CreatedOnToolsVersion = 7.3.1;
					};
					36DA689C1DD2CA3800B67DFC = {
						CreatedOnToolsVersion = 7.3.1;
						TestTargetID = 36DA68801DD2CA3800B67DFC;
					};
					36DA68A71DD2CA3800B67DFC = {
						CreatedOnToolsVersion = 7.3.1;
						TestTargetID = 36DA68801DD2CA3800B67DFC;
					};
				};
			};
			buildConfigurationList = 36DA687C1DD2CA3800B67DFC /* Build configuration list for PBXProject "OBJC24Days" */;
			compatibilityVersion = "Xcode 3.2";
			developmentRegion = English;
			hasScannedForEncodings = 0;
			knownRegions = (
				en,
				Base,
			);
			mainGroup = 36DA68781DD2CA3800B67DFC;
			productRefGroup = 36DA68821DD2CA3800B67DFC /* Products */;
			projectDirPath = "";
			projectRoot = "";
			targets = (
				36DA68801DD2CA3800B67DFC /* OBJC24Days */,
				36DA689C1DD2CA3800B67DFC /* OBJC24DaysTests */,
				36DA68A71DD2CA3800B67DFC /* OBJC24DaysUITests */,
			);
		};
/* End PBXProject section */

/* Begin PBXResourcesBuildPhase section */
		36DA687F1DD2CA3800B67DFC /* Resources */ = {
			isa = PBXResourcesBuildPhase;
			buildActionMask = 2147483647;
			files = (
				36DA68971DD2CA3800B67DFC /* LaunchScreen.storyboard in Resources */,
				36DA68941DD2CA3800B67DFC /* Assets.xcassets in Resources */,
				36DA688F1DD2CA3800B67DFC /* Main.storyboard in Resources */,
			);
			runOnlyForDeploymentPostprocessing = 0;
		};
		36DA689B1DD2CA3800B67DFC /* Resources */ = {
			isa = PBXResourcesBuildPhase;
			buildActionMask = 2147483647;
			files = (
			);
			runOnlyForDeploymentPostprocessing = 0;
		};
		36DA68A61DD2CA3800B67DFC /* Resources */ = {
			isa = PBXResourcesBuildPhase;
			buildActionMask = 2147483647;
			files = (
			);
			runOnlyForDeploymentPostprocessing = 0;
		};
/* End PBXResourcesBuildPhase section */

/* Begin PBXSourcesBuildPhase section */
		36DA687D1DD2CA3800B67DFC /* Sources */ = {
			isa = PBXSourcesBuildPhase;
			buildActionMask = 2147483647;
			files = (
				36DA68921DD2CA3800B67DFC /* OBJC24Days.xcdatamodeld in Sources */,
				36DA688C1DD2CA3800B67DFC /* ViewController.m in Sources */,
				36DA68891DD2CA3800B67DFC /* AppDelegate.m in Sources */,
				36DA68861DD2CA3800B67DFC /* main.m in Sources */,
			);
			runOnlyForDeploymentPostprocessing = 0;
		};
		36DA68991DD2CA3800B67DFC /* Sources */ = {
			isa = PBXSourcesBuildPhase;
			buildActionMask = 2147483647;
			files = (
				36DA68A21DD2CA3800B67DFC /* OBJC24DaysTests.m in Sources */,
			);
			runOnlyForDeploymentPostprocessing = 0;
		};
		36DA68A41DD2CA3800B67DFC /* Sources */ = {
			isa = PBXSourcesBuildPhase;
			buildActionMask = 2147483647;
			files = (
				36DA68AD1DD2CA3800B67DFC /* OBJC24DaysUITests.m in Sources */,
			);
			runOnlyForDeploymentPostprocessing = 0;
		};
/* End PBXSourcesBuildPhase section */

/* Begin PBXTargetDependency section */
		36DA689F1DD2CA3800B67DFC /* PBXTargetDependency */ = {
			isa = PBXTargetDependency;
			target = 36DA68801DD2CA3800B67DFC /* OBJC24Days */;
			targetProxy = 36DA689E1DD2CA3800B67DFC /* PBXContainerItemProxy */;
		};
		36DA68AA1DD2CA3800B67DFC /* PBXTargetDependency */ = {
			isa = PBXTargetDependency;
			target = 36DA68801DD2CA3800B67DFC /* OBJC24Days */;
			targetProxy = 36DA68A91DD2CA3800B67DFC /* PBXContainerItemProxy */;
		};
/* End PBXTargetDependency section */

/* Begin PBXVariantGroup section */
		36DA688D1DD2CA3800B67DFC /* Main.storyboard */ = {
			isa = PBXVariantGroup;
			children = (
				36DA688E1DD2CA3800B67DFC /* Base */,
			);
			name = Main.storyboard;
			sourceTree = "<group>";
		};
		36DA68951DD2CA3800B67DFC /* LaunchScreen.storyboard */ = {
			isa = PBXVariantGroup;
			children = (
				36DA68961DD2CA3800B67DFC /* Base */,
			);
			name = LaunchScreen.storyboard;
			sourceTree = "<group>";
		};
/* End PBXVariantGroup section */

/* Begin XCBuildConfiguration section */
		36DA68AF1DD2CA3800B67DFC /* Debug */ = {
			isa = XCBuildConfiguration;
			buildSettings = {
				ALWAYS_SEARCH_USER_PATHS = NO;
				CLANG_ANALYZER_NONNULL = YES;
				CLANG_CXX_LANGUAGE_STANDARD = "gnu++0x";
				CLANG_CXX_LIBRARY = "libc++";
				CLANG_ENABLE_MODULES = YES;
				CLANG_ENABLE_OBJC_ARC = YES;
				CLANG_WARN_BOOL_CONVERSION = YES;
				CLANG_WARN_CONSTANT_CONVERSION = YES;
				CLANG_WARN_DIRECT_OBJC_ISA_USAGE = YES_ERROR;
				CLANG_WARN_EMPTY_BODY = YES;
				CLANG_WARN_ENUM_CONVERSION = YES;
				CLANG_WARN_INT_CONVERSION = YES;
				CLANG_WARN_OBJC_ROOT_CLASS = YES_ERROR;
				CLANG_WARN_UNREACHABLE_CODE = YES;
				CLANG_WARN__DUPLICATE_METHOD_MATCH = YES;
				"CODE_SIGN_IDENTITY[sdk=iphoneos*]" = "iPhone Developer";
				COPY_PHASE_STRIP = NO;
				DEBUG_INFORMATION_FORMAT = dwarf;
				ENABLE_STRICT_OBJC_MSGSEND = YES;
				ENABLE_TESTABILITY = YES;
				GCC_C_LANGUAGE_STANDARD = gnu99;
				GCC_DYNAMIC_NO_PIC = NO;
				GCC_NO_COMMON_BLOCKS = YES;
				GCC_OPTIMIZATION_LEVEL = 0;
				GCC_PREPROCESSOR_DEFINITIONS = (
					"DEBUG=1",
					"$(inherited)",
				);
				GCC_WARN_64_TO_32_BIT_CONVERSION = YES;
				GCC_WARN_ABOUT_RETURN_TYPE = YES_ERROR;
				GCC_WARN_UNDECLARED_SELECTOR = YES;
				GCC_WARN_UNINITIALIZED_AUTOS = YES_AGGRESSIVE;
				GCC_WARN_UNUSED_FUNCTION = YES;
				GCC_WARN_UNUSED_VARIABLE = YES;
				IPHONEOS_DEPLOYMENT_TARGET = 9.3;
				MTL_ENABLE_DEBUG_INFO = YES;
				ONLY_ACTIVE_ARCH = YES;
				SDKROOT = iphoneos;
				TARGETED_DEVICE_FAMILY = "1,2";
			};
			name = Debug;
		};
		36DA68B01DD2CA3800B67DFC /* Release */ = {
			isa = XCBuildConfiguration;
			buildSettings = {
				ALWAYS_SEARCH_USER_PATHS = NO;
				CLANG_ANALYZER_NONNULL = YES;
				CLANG_CXX_LANGUAGE_STANDARD = "gnu++0x";
				CLANG_CXX_LIBRARY = "libc++";
				CLANG_ENABLE_MODULES = YES;
				CLANG_ENABLE_OBJC_ARC = YES;
				CLANG_WARN_BOOL_CONVERSION = YES;
				CLANG_WARN_CONSTANT_CONVERSION = YES;
				CLANG_WARN_DIRECT_OBJC_ISA_USAGE = YES_ERROR;
				CLANG_WARN_EMPTY_BODY = YES;
				CLANG_WARN_ENUM_CONVERSION = YES;
				CLANG_WARN_INT_CONVERSION = YES;
				CLANG_WARN_OBJC_ROOT_CLASS = YES_ERROR;
				CLANG_WARN_UNREACHABLE_CODE = YES;
				CLANG_WARN__DUPLICATE_METHOD_MATCH = YES;
				"CODE_SIGN_IDENTITY[sdk=iphoneos*]" = "iPhone Developer";
				COPY_PHASE_STRIP = NO;
				DEBUG_INFORMATION_FORMAT = "dwarf-with-dsym";
				ENABLE_NS_ASSERTIONS = NO;
				ENABLE_STRICT_OBJC_MSGSEND = YES;
				GCC_C_LANGUAGE_STANDARD = gnu99;
				GCC_NO_COMMON_BLOCKS = YES;
				GCC_WARN_64_TO_32_BIT_CONVERSION = YES;
				GCC_WARN_ABOUT_RETURN_TYPE = YES_ERROR;
				GCC_WARN_UNDECLARED_SELECTOR = YES;
				GCC_WARN_UNINITIALIZED_AUTOS = YES_AGGRESSIVE;
				GCC_WARN_UNUSED_FUNCTION = YES;
				GCC_WARN_UNUSED_VARIABLE = YES;
				IPHONEOS_DEPLOYMENT_TARGET = 9.3;
				MTL_ENABLE_DEBUG_INFO = NO;
				SDKROOT = iphoneos;
				TARGETED_DEVICE_FAMILY = "1,2";
				VALIDATE_PRODUCT = YES;
			};
			name = Release;
		};
		36DA68B21DD2CA3800B67DFC /* Debug */ = {
			isa = XCBuildConfiguration;
			buildSettings = {
				ASSETCATALOG_COMPILER_APPICON_NAME = AppIcon;
				INFOPLIST_FILE = OBJC24Days/Info.plist;
				LD_RUNPATH_SEARCH_PATHS = "$(inherited) @executable_path/Frameworks";
				PRODUCT_BUNDLE_IDENTIFIER = Hank.OBJC24Days;
				PRODUCT_NAME = "$(TARGET_NAME)";
			};
			name = Debug;
		};
		36DA68B31DD2CA3800B67DFC /* Release */ = {
			isa = XCBuildConfiguration;
			buildSettings = {
				ASSETCATALOG_COMPILER_APPICON_NAME = AppIcon;
				INFOPLIST_FILE = OBJC24Days/Info.plist;
				LD_RUNPATH_SEARCH_PATHS = "$(inherited) @executable_path/Frameworks";
				PRODUCT_BUNDLE_IDENTIFIER = Hank.OBJC24Days;
				PRODUCT_NAME = "$(TARGET_NAME)";
			};
			name = Release;
		};
		36DA68B51DD2CA3800B67DFC /* Debug */ = {
			isa = XCBuildConfiguration;
			buildSettings = {
				BUNDLE_LOADER = "$(TEST_HOST)";
				INFOPLIST_FILE = OBJC24DaysTests/Info.plist;
				LD_RUNPATH_SEARCH_PATHS = "$(inherited) @executable_path/Frameworks @loader_path/Frameworks";
				PRODUCT_BUNDLE_IDENTIFIER = Hank.OBJC24DaysTests;
				PRODUCT_NAME = "$(TARGET_NAME)";
				TEST_HOST = "$(BUILT_PRODUCTS_DIR)/OBJC24Days.app/OBJC24Days";
			};
			name = Debug;
		};
		36DA68B61DD2CA3800B67DFC /* Release */ = {
			isa = XCBuildConfiguration;
			buildSettings = {
				BUNDLE_LOADER = "$(TEST_HOST)";
				INFOPLIST_FILE = OBJC24DaysTests/Info.plist;
				LD_RUNPATH_SEARCH_PATHS = "$(inherited) @executable_path/Frameworks @loader_path/Frameworks";
				PRODUCT_BUNDLE_IDENTIFIER = Hank.OBJC24DaysTests;
				PRODUCT_NAME = "$(TARGET_NAME)";
				TEST_HOST = "$(BUILT_PRODUCTS_DIR)/OBJC24Days.app/OBJC24Days";
			};
			name = Release;
		};
		36DA68B81DD2CA3800B67DFC /* Debug */ = {
			isa = XCBuildConfiguration;
			buildSettings = {
				INFOPLIST_FILE = OBJC24DaysUITests/Info.plist;
				LD_RUNPATH_SEARCH_PATHS = "$(inherited) @executable_path/Frameworks @loader_path/Frameworks";
				PRODUCT_BUNDLE_IDENTIFIER = Hank.OBJC24DaysUITests;
				PRODUCT_NAME = "$(TARGET_NAME)";
				TEST_TARGET_NAME = OBJC24Days;
			};
			name = Debug;
		};
		36DA68B91DD2CA3800B67DFC /* Release */ = {
			isa = XCBuildConfiguration;
			buildSettings = {
				INFOPLIST_FILE = OBJC24DaysUITests/Info.plist;
				LD_RUNPATH_SEARCH_PATHS = "$(inherited) @executable_path/Frameworks @loader_path/Frameworks";
				PRODUCT_BUNDLE_IDENTIFIER = Hank.OBJC24DaysUITests;
				PRODUCT_NAME = "$(TARGET_NAME)";
				TEST_TARGET_NAME = OBJC24Days;
			};
			name = Release;
		};
/* End XCBuildConfiguration section */

/* Begin XCConfigurationList section */
		36DA687C1DD2CA3800B67DFC /* Build configuration list for PBXProject "OBJC24Days" */ = {
			isa = XCConfigurationList;
			buildConfigurations = (
				36DA68AF1DD2CA3800B67DFC /* Debug */,
				36DA68B01DD2CA3800B67DFC /* Release */,
			);
			defaultConfigurationIsVisible = 0;
			defaultConfigurationName = Release;
		};
		36DA68B11DD2CA3800B67DFC /* Build configuration list for PBXNativeTarget "OBJC24Days" */ = {
			isa = XCConfigurationList;
			buildConfigurations = (
				36DA68B21DD2CA3800B67DFC /* Debug */,
				36DA68B31DD2CA3800B67DFC /* Release */,
			);
			defaultConfigurationIsVisible = 0;
		};
		36DA68B41DD2CA3800B67DFC /* Build configuration list for PBXNativeTarget "OBJC24DaysTests" */ = {
			isa = XCConfigurationList;
			buildConfigurations = (
				36DA68B51DD2CA3800B67DFC /* Debug */,
				36DA68B61DD2CA3800B67DFC /* Release */,
			);
			defaultConfigurationIsVisible = 0;
		};
		36DA68B71DD2CA3800B67DFC /* Build configuration list for PBXNativeTarget "OBJC24DaysUITests" */ = {
			isa = XCConfigurationList;
			buildConfigurations = (
				36DA68B81DD2CA3800B67DFC /* Debug */,
				36DA68B91DD2CA3800B67DFC /* Release */,
			);
			defaultConfigurationIsVisible = 0;
		};
/* End XCConfigurationList section */

/* Begin XCVersionGroup section */
		36DA68901DD2CA3800B67DFC /* OBJC24Days.xcdatamodeld */ = {
			isa = XCVersionGroup;
			children = (
				36DA68911DD2CA3800B67DFC /* OBJC24Days.xcdatamodel */,
			);
			currentVersion = 36DA68911DD2CA3800B67DFC /* OBJC24Days.xcdatamodel */;
			path = OBJC24Days.xcdatamodeld;
			sourceTree = "<group>";
			versionGroupType = wrapper.xcdatamodel;
		};
/* End XCVersionGroup section */
	};
	rootObject = 36DA68791DD2CA3800B67DFC /* Project object */;
}
